
Microsoft Visual Studio Solution File, Format Version 12.00
# Visual Studio Version 17
VisualStudioVersion = 17.8.34330.188
MinimumVisualStudioVersion = 10.0.40219.1
Project("{FAE04EC0-301F-11D3-BF4B-00C04F79EFBC}") = "Ecommerce.API", "WebApplication1\Ecommerce.API.csproj", "{1547DDDB-E434-4577-A8BA-A8FA9318EC8C}"
EndProject
Project("{FAE04EC0-301F-11D3-BF4B-00C04F79EFBC}") = "Ecommerce.Core", "Ecommerce.Core\Ecommerce.Core.csproj", "{0BA196CF-C24F-48C6-893A-7EDB4B11087E}"
EndProject
Project("{FAE04EC0-301F-11D3-BF4B-00C04F79EFBC}") = "Ecommerce.Infrastructer", "Ecommerce.Infrastructer\Ecommerce.Infrastructer.csproj", "{104676BD-A616-42DB-A758-47E77F6AC55D}"
EndProject
Global
	GlobalSection(SolutionConfigurationPlatforms) = preSolution
		Debug|Any CPU = Debug|Any CPU
		Release|Any CPU = Release|Any CPU
	EndGlobalSection
	GlobalSection(ProjectConfigurationPlatforms) = postSolution
		{1547DDDB-E434-4577-A8BA-A8FA9318EC8C}.Debug|Any CPU.ActiveCfg = Debug|Any CPU
		{1547DDDB-E434-4577-A8BA-A8FA9318EC8C}.Debug|Any CPU.Build.0 = Debug|Any CPU
		{1547DDDB-E434-4577-A8BA-A8FA9318EC8C}.Release|Any CPU.ActiveCfg = Release|Any CPU
		{1547DDDB-E434-4577-A8BA-A8FA9318EC8C}.Release|Any CPU.Build.0 = Release|Any CPU
		{0BA196CF-C24F-48C6-893A-7EDB4B11087E}.Debug|Any CPU.ActiveCfg = Debug|Any CPU
		{0BA196CF-C24F-48C6-893A-7EDB4B11087E}.Debug|Any CPU.Build.0 = Debug|Any CPU
		{0BA196CF-C24F-48C6-893A-7EDB4B11087E}.Release|Any CPU.ActiveCfg = Release|Any CPU
		{0BA196CF-C24F-48C6-893A-7EDB4B11087E}.Release|Any CPU.Build.0 = Release|Any CPU
		{104676BD-A616-42DB-A758-47E77F6AC55D}.Debug|Any CPU.ActiveCfg = Debug|Any CPU
		{104676BD-A616-42DB-A758-47E77F6AC55D}.Debug|Any CPU.Build.0 = Debug|Any CPU
		{104676BD-A616-42DB-A758-47E77F6AC55D}.Release|Any CPU.ActiveCfg = Release|Any CPU
		{104676BD-A616-42DB-A758-47E77F6AC55D}.Release|Any CPU.Build.0 = Release|Any CPU
	EndGlobalSection
	GlobalSection(SolutionProperties) = preSolution
		HideSolutionNode = FALSE
	EndGlobalSection
	GlobalSection(ExtensibilityGlobals) = postSolution
		SolutionGuid = {2F2A5604-45E8-464A-B3EC-520997C6A5DB}
	EndGlobalSection
EndGlobal
